
Microsoft Visual Studio Solution File, Format Version 12.00
# Visual Studio 14
VisualStudioVersion = 14.0.25420.1
MinimumVisualStudioVersion = 10.0.40219.1
Project("{FAE04EC0-301F-11D3-BF4B-00C04F79EFBC}") = "App4", "App4\App4\App4.csproj", "{417AE473-D0C2-4397-9981-889ECED36671}"
EndProject
Project("{FAE04EC0-301F-11D3-BF4B-00C04F79EFBC}") = "App4.Droid", "App4\App4.Droid\App4.Droid.csproj", "{339B8B3C-AB2B-469E-B565-147E1C0A9C90}"
EndProject
Project("{FAE04EC0-301F-11D3-BF4B-00C04F79EFBC}") = "App4.iOS", "App4\App4.iOS\App4.iOS.csproj", "{4B3E8720-CC13-4678-BC1A-96A9F1E57389}"
EndProject
Project("{FAE04EC0-301F-11D3-BF4B-00C04F79EFBC}") = "App4.WinPhone", "App4\App4.WinPhone\App4.WinPhone.csproj", "{3F54A0E2-63CD-4EDD-8751-2BFCDF7DD293}"
EndProject
Project("{FAE04EC0-301F-11D3-BF4B-00C04F79EFBC}") = "App4.UWP", "App4\App4.UWP\App4.UWP.csproj", "{90AF2934-154A-4727-AED7-272E1C164892}"
EndProject
Project("{FAE04EC0-301F-11D3-BF4B-00C04F79EFBC}") = "App4.Windows", "App4\App4.Windows\App4.Windows.csproj", "{107F70E1-909A-4DF9-B85D-97C924FEDF32}"
EndProject
Global
	GlobalSection(SolutionConfigurationPlatforms) = preSolution
		Ad-Hoc|Any CPU = Ad-Hoc|Any CPU
		Ad-Hoc|ARM = Ad-Hoc|ARM
		Ad-Hoc|iPhone = Ad-Hoc|iPhone
		Ad-Hoc|iPhoneSimulator = Ad-Hoc|iPhoneSimulator
		Ad-Hoc|x64 = Ad-Hoc|x64
		Ad-Hoc|x86 = Ad-Hoc|x86
		AppStore|Any CPU = AppStore|Any CPU
		AppStore|ARM = AppStore|ARM
		AppStore|iPhone = AppStore|iPhone
		AppStore|iPhoneSimulator = AppStore|iPhoneSimulator
		AppStore|x64 = AppStore|x64
		AppStore|x86 = AppStore|x86
		Debug|Any CPU = Debug|Any CPU
		Debug|ARM = Debug|ARM
		Debug|iPhone = Debug|iPhone
		Debug|iPhoneSimulator = Debug|iPhoneSimulator
		Debug|x64 = Debug|x64
		Debug|x86 = Debug|x86
		Release|Any CPU = Release|Any CPU
		Release|ARM = Release|ARM
		Release|iPhone = Release|iPhone
		Release|iPhoneSimulator = Release|iPhoneSimulator
		Release|x64 = Release|x64
		Release|x86 = Release|x86
	EndGlobalSection
	GlobalSection(ProjectConfigurationPlatforms) = postSolution
		{417AE473-D0C2-4397-9981-889ECED36671}.Ad-Hoc|Any CPU.ActiveCfg = Release|Any CPU
		{417AE473-D0C2-4397-9981-889ECED36671}.Ad-Hoc|Any CPU.Build.0 = Release|Any CPU
		{417AE473-D0C2-4397-9981-889ECED36671}.Ad-Hoc|ARM.ActiveCfg = Release|Any CPU
		{417AE473-D0C2-4397-9981-889ECED36671}.Ad-Hoc|ARM.Build.0 = Release|Any CPU
		{417AE473-D0C2-4397-9981-889ECED36671}.Ad-Hoc|iPhone.ActiveCfg = Release|Any CPU
		{417AE473-D0C2-4397-9981-889ECED36671}.Ad-Hoc|iPhone.Build.0 = Release|Any CPU
		{417AE473-D0C2-4397-9981-889ECED36671}.Ad-Hoc|iPhoneSimulator.ActiveCfg = Release|Any CPU
		{417AE473-D0C2-4397-9981-889ECED36671}.Ad-Hoc|iPhoneSimulator.Build.0 = Release|Any CPU
		{417AE473-D0C2-4397-9981-889ECED36671}.Ad-Hoc|x64.ActiveCfg = Release|Any CPU
		{417AE473-D0C2-4397-9981-889ECED36671}.Ad-Hoc|x64.Build.0 = Release|Any CPU
		{417AE473-D0C2-4397-9981-889ECED36671}.Ad-Hoc|x86.ActiveCfg = Release|Any CPU
		{417AE473-D0C2-4397-9981-889ECED36671}.Ad-Hoc|x86.Build.0 = Release|Any CPU
		{417AE473-D0C2-4397-9981-889ECED36671}.AppStore|Any CPU.ActiveCfg = Release|Any CPU
		{417AE473-D0C2-4397-9981-889ECED36671}.AppStore|Any CPU.Build.0 = Release|Any CPU
		{417AE473-D0C2-4397-9981-889ECED36671}.AppStore|ARM.ActiveCfg = Release|Any CPU
		{417AE473-D0C2-4397-9981-889ECED36671}.AppStore|ARM.Build.0 = Release|Any CPU
		{417AE473-D0C2-4397-9981-889ECED36671}.AppStore|iPhone.ActiveCfg = Release|Any CPU
		{417AE473-D0C2-4397-9981-889ECED36671}.AppStore|iPhone.Build.0 = Release|Any CPU
		{417AE473-D0C2-4397-9981-889ECED36671}.AppStore|iPhoneSimulator.ActiveCfg = Release|Any CPU
		{417AE473-D0C2-4397-9981-889ECED36671}.AppStore|iPhoneSimulator.Build.0 = Release|Any CPU
		{417AE473-D0C2-4397-9981-889ECED36671}.AppStore|x64.ActiveCfg = Release|Any CPU
		{417AE473-D0C2-4397-9981-889ECED36671}.AppStore|x64.Build.0 = Release|Any CPU
		{417AE473-D0C2-4397-9981-889ECED36671}.AppStore|x86.ActiveCfg = Release|Any CPU
		{417AE473-D0C2-4397-9981-889ECED36671}.AppStore|x86.Build.0 = Release|Any CPU
		{417AE473-D0C2-4397-9981-889ECED36671}.Debug|Any CPU.ActiveCfg = Debug|Any CPU
		{417AE473-D0C2-4397-9981-889ECED36671}.Debug|Any CPU.Build.0 = Debug|Any CPU
		{417AE473-D0C2-4397-9981-889ECED36671}.Debug|ARM.ActiveCfg = Debug|Any CPU
		{417AE473-D0C2-4397-9981-889ECED36671}.Debug|ARM.Build.0 = Debug|Any CPU
		{417AE473-D0C2-4397-9981-889ECED36671}.Debug|iPhone.ActiveCfg = Debug|Any CPU
		{417AE473-D0C2-4397-9981-889ECED36671}.Debug|iPhone.Build.0 = Debug|Any CPU
		{417AE473-D0C2-4397-9981-889ECED36671}.Debug|iPhoneSimulator.ActiveCfg = Debug|Any CPU
		{417AE473-D0C2-4397-9981-889ECED36671}.Debug|iPhoneSimulator.Build.0 = Debug|Any CPU
		{417AE473-D0C2-4397-9981-889ECED36671}.Debug|x64.ActiveCfg = Debug|Any CPU
		{417AE473-D0C2-4397-9981-889ECED36671}.Debug|x64.Build.0 = Debug|Any CPU
		{417AE473-D0C2-4397-9981-889ECED36671}.Debug|x86.ActiveCfg = Debug|Any CPU
		{417AE473-D0C2-4397-9981-889ECED36671}.Debug|x86.Build.0 = Debug|Any CPU
		{417AE473-D0C2-4397-9981-889ECED36671}.Release|Any CPU.ActiveCfg = Release|Any CPU
		{417AE473-D0C2-4397-9981-889ECED36671}.Release|Any CPU.Build.0 = Release|Any CPU
		{417AE473-D0C2-4397-9981-889ECED36671}.Release|ARM.ActiveCfg = Release|Any CPU
		{417AE473-D0C2-4397-9981-889ECED36671}.Release|ARM.Build.0 = Release|Any CPU
		{417AE473-D0C2-4397-9981-889ECED36671}.Release|iPhone.ActiveCfg = Release|Any CPU
		{417AE473-D0C2-4397-9981-889ECED36671}.Release|iPhone.Build.0 = Release|Any CPU
		{417AE473-D0C2-4397-9981-889ECED36671}.Release|iPhoneSimulator.ActiveCfg = Release|Any CPU
		{417AE473-D0C2-4397-9981-889ECED36671}.Release|iPhoneSimulator.Build.0 = Release|Any CPU
		{417AE473-D0C2-4397-9981-889ECED36671}.Release|x64.ActiveCfg = Release|Any CPU
		{417AE473-D0C2-4397-9981-889ECED36671}.Release|x64.Build.0 = Release|Any CPU
		{417AE473-D0C2-4397-9981-889ECED36671}.Release|x86.ActiveCfg = Release|Any CPU
		{417AE473-D0C2-4397-9981-889ECED36671}.Release|x86.Build.0 = Release|Any CPU
		{339B8B3C-AB2B-469E-B565-147E1C0A9C90}.Ad-Hoc|Any CPU.ActiveCfg = Release|Any CPU
		{339B8B3C-AB2B-469E-B565-147E1C0A9C90}.Ad-Hoc|Any CPU.Build.0 = Release|Any CPU
		{339B8B3C-AB2B-469E-B565-147E1C0A9C90}.Ad-Hoc|Any CPU.Deploy.0 = Release|Any CPU
		{339B8B3C-AB2B-469E-B565-147E1C0A9C90}.Ad-Hoc|ARM.ActiveCfg = Release|Any CPU
		{339B8B3C-AB2B-469E-B565-147E1C0A9C90}.Ad-Hoc|ARM.Build.0 = Release|Any CPU
		{339B8B3C-AB2B-469E-B565-147E1C0A9C90}.Ad-Hoc|ARM.Deploy.0 = Release|Any CPU
		{339B8B3C-AB2B-469E-B565-147E1C0A9C90}.Ad-Hoc|iPhone.ActiveCfg = Release|Any CPU
		{339B8B3C-AB2B-469E-B565-147E1C0A9C90}.Ad-Hoc|iPhone.Build.0 = Release|Any CPU
		{339B8B3C-AB2B-469E-B565-147E1C0A9C90}.Ad-Hoc|iPhone.Deploy.0 = Release|Any CPU
		{339B8B3C-AB2B-469E-B565-147E1C0A9C90}.Ad-Hoc|iPhoneSimulator.ActiveCfg = Release|Any CPU
		{339B8B3C-AB2B-469E-B565-147E1C0A9C90}.Ad-Hoc|iPhoneSimulator.Build.0 = Release|Any CPU
		{339B8B3C-AB2B-469E-B565-147E1C0A9C90}.Ad-Hoc|iPhoneSimulator.Deploy.0 = Release|Any CPU
		{339B8B3C-AB2B-469E-B565-147E1C0A9C90}.Ad-Hoc|x64.ActiveCfg = Release|Any CPU
		{339B8B3C-AB2B-469E-B565-147E1C0A9C90}.Ad-Hoc|x64.Build.0 = Release|Any CPU
		{339B8B3C-AB2B-469E-B565-147E1C0A9C90}.Ad-Hoc|x64.Deploy.0 = Release|Any CPU
		{339B8B3C-AB2B-469E-B565-147E1C0A9C90}.Ad-Hoc|x86.ActiveCfg = Release|Any CPU
		{339B8B3C-AB2B-469E-B565-147E1C0A9C90}.Ad-Hoc|x86.Build.0 = Release|Any CPU
		{339B8B3C-AB2B-469E-B565-147E1C0A9C90}.Ad-Hoc|x86.Deploy.0 = Release|Any CPU
		{339B8B3C-AB2B-469E-B565-147E1C0A9C90}.AppStore|Any CPU.ActiveCfg = Release|Any CPU
		{339B8B3C-AB2B-469E-B565-147E1C0A9C90}.AppStore|Any CPU.Build.0 = Release|Any CPU
		{339B8B3C-AB2B-469E-B565-147E1C0A9C90}.AppStore|Any CPU.Deploy.0 = Release|Any CPU
		{339B8B3C-AB2B-469E-B565-147E1C0A9C90}.AppStore|ARM.ActiveCfg = Release|Any CPU
		{339B8B3C-AB2B-469E-B565-147E1C0A9C90}.AppStore|ARM.Build.0 = Release|Any CPU
		{339B8B3C-AB2B-469E-B565-147E1C0A9C90}.AppStore|ARM.Deploy.0 = Release|Any CPU
		{339B8B3C-AB2B-469E-B565-147E1C0A9C90}.AppStore|iPhone.ActiveCfg = Release|Any CPU
		{339B8B3C-AB2B-469E-B565-147E1C0A9C90}.AppStore|iPhone.Build.0 = Release|Any CPU
		{339B8B3C-AB2B-469E-B565-147E1C0A9C90}.AppStore|iPhone.Deploy.0 = Release|Any CPU
		{339B8B3C-AB2B-469E-B565-147E1C0A9C90}.AppStore|iPhoneSimulator.ActiveCfg = Release|Any CPU
		{339B8B3C-AB2B-469E-B565-147E1C0A9C90}.AppStore|iPhoneSimulator.Build.0 = Release|Any CPU
		{339B8B3C-AB2B-469E-B565-147E1C0A9C90}.AppStore|iPhoneSimulator.Deploy.0 = Release|Any CPU
		{339B8B3C-AB2B-469E-B565-147E1C0A9C90}.AppStore|x64.ActiveCfg = Release|Any CPU
		{339B8B3C-AB2B-469E-B565-147E1C0A9C90}.AppStore|x64.Build.0 = Release|Any CPU
		{339B8B3C-AB2B-469E-B565-147E1C0A9C90}.AppStore|x64.Deploy.0 = Release|Any CPU
		{339B8B3C-AB2B-469E-B565-147E1C0A9C90}.AppStore|x86.ActiveCfg = Release|Any CPU
		{339B8B3C-AB2B-469E-B565-147E1C0A9C90}.AppStore|x86.Build.0 = Release|Any CPU
		{339B8B3C-AB2B-469E-B565-147E1C0A9C90}.AppStore|x86.Deploy.0 = Release|Any CPU
		{339B8B3C-AB2B-469E-B565-147E1C0A9C90}.Debug|Any CPU.ActiveCfg = Debug|Any CPU
		{339B8B3C-AB2B-469E-B565-147E1C0A9C90}.Debug|Any CPU.Build.0 = Debug|Any CPU
		{339B8B3C-AB2B-469E-B565-147E1C0A9C90}.Debug|Any CPU.Deploy.0 = Debug|Any CPU
		{339B8B3C-AB2B-469E-B565-147E1C0A9C90}.Debug|ARM.ActiveCfg = Debug|Any CPU
		{339B8B3C-AB2B-469E-B565-147E1C0A9C90}.Debug|ARM.Build.0 = Debug|Any CPU
		{339B8B3C-AB2B-469E-B565-147E1C0A9C90}.Debug|ARM.Deploy.0 = Debug|Any CPU
		{339B8B3C-AB2B-469E-B565-147E1C0A9C90}.Debug|iPhone.ActiveCfg = Debug|Any CPU
		{339B8B3C-AB2B-469E-B565-147E1C0A9C90}.Debug|iPhone.Build.0 = Debug|Any CPU
		{339B8B3C-AB2B-469E-B565-147E1C0A9C90}.Debug|iPhone.Deploy.0 = Debug|Any CPU
		{339B8B3C-AB2B-469E-B565-147E1C0A9C90}.Debug|iPhoneSimulator.ActiveCfg = Debug|Any CPU
		{339B8B3C-AB2B-469E-B565-147E1C0A9C90}.Debug|iPhoneSimulator.Build.0 = Debug|Any CPU
		{339B8B3C-AB2B-469E-B565-147E1C0A9C90}.Debug|iPhoneSimulator.Deploy.0 = Debug|Any CPU
		{339B8B3C-AB2B-469E-B565-147E1C0A9C90}.Debug|x64.ActiveCfg = Debug|Any CPU
		{339B8B3C-AB2B-469E-B565-147E1C0A9C90}.Debug|x64.Build.0 = Debug|Any CPU
		{339B8B3C-AB2B-469E-B565-147E1C0A9C90}.Debug|x64.Deploy.0 = Debug|Any CPU
		{339B8B3C-AB2B-469E-B565-147E1C0A9C90}.Debug|x86.ActiveCfg = Debug|Any CPU
		{339B8B3C-AB2B-469E-B565-147E1C0A9C90}.Debug|x86.Build.0 = Debug|Any CPU
		{339B8B3C-AB2B-469E-B565-147E1C0A9C90}.Debug|x86.Deploy.0 = Debug|Any CPU
		{339B8B3C-AB2B-469E-B565-147E1C0A9C90}.Release|Any CPU.ActiveCfg = Release|Any CPU
		{339B8B3C-AB2B-469E-B565-147E1C0A9C90}.Release|Any CPU.Build.0 = Release|Any CPU
		{339B8B3C-AB2B-469E-B565-147E1C0A9C90}.Release|Any CPU.Deploy.0 = Release|Any CPU
		{339B8B3C-AB2B-469E-B565-147E1C0A9C90}.Release|ARM.ActiveCfg = Release|Any CPU
		{339B8B3C-AB2B-469E-B565-147E1C0A9C90}.Release|ARM.Build.0 = Release|Any CPU
		{339B8B3C-AB2B-469E-B565-147E1C0A9C90}.Release|ARM.Deploy.0 = Release|Any CPU
		{339B8B3C-AB2B-469E-B565-147E1C0A9C90}.Release|iPhone.ActiveCfg = Release|Any CPU
		{339B8B3C-AB2B-469E-B565-147E1C0A9C90}.Release|iPhone.Build.0 = Release|Any CPU
		{339B8B3C-AB2B-469E-B565-147E1C0A9C90}.Release|iPhone.Deploy.0 = Release|Any CPU
		{339B8B3C-AB2B-469E-B565-147E1C0A9C90}.Release|iPhoneSimulator.ActiveCfg = Release|Any CPU
		{339B8B3C-AB2B-469E-B565-147E1C0A9C90}.Release|iPhoneSimulator.Build.0 = Release|Any CPU
		{339B8B3C-AB2B-469E-B565-147E1C0A9C90}.Release|iPhoneSimulator.Deploy.0 = Release|Any CPU
		{339B8B3C-AB2B-469E-B565-147E1C0A9C90}.Release|x64.ActiveCfg = Release|Any CPU
		{339B8B3C-AB2B-469E-B565-147E1C0A9C90}.Release|x64.Build.0 = Release|Any CPU
		{339B8B3C-AB2B-469E-B565-147E1C0A9C90}.Release|x64.Deploy.0 = Release|Any CPU
		{339B8B3C-AB2B-469E-B565-147E1C0A9C90}.Release|x86.ActiveCfg = Release|Any CPU
		{339B8B3C-AB2B-469E-B565-147E1C0A9C90}.Release|x86.Build.0 = Release|Any CPU
		{339B8B3C-AB2B-469E-B565-147E1C0A9C90}.Release|x86.Deploy.0 = Release|Any CPU
		{4B3E8720-CC13-4678-BC1A-96A9F1E57389}.Ad-Hoc|Any CPU.ActiveCfg = Ad-Hoc|iPhone
		{4B3E8720-CC13-4678-BC1A-96A9F1E57389}.Ad-Hoc|ARM.ActiveCfg = Ad-Hoc|iPhone
		{4B3E8720-CC13-4678-BC1A-96A9F1E57389}.Ad-Hoc|iPhone.ActiveCfg = Ad-Hoc|iPhone
		{4B3E8720-CC13-4678-BC1A-96A9F1E57389}.Ad-Hoc|iPhone.Build.0 = Ad-Hoc|iPhone
		{4B3E8720-CC13-4678-BC1A-96A9F1E57389}.Ad-Hoc|iPhoneSimulator.ActiveCfg = Ad-Hoc|iPhoneSimulator
		{4B3E8720-CC13-4678-BC1A-96A9F1E57389}.Ad-Hoc|iPhoneSimulator.Build.0 = Ad-Hoc|iPhoneSimulator
		{4B3E8720-CC13-4678-BC1A-96A9F1E57389}.Ad-Hoc|x64.ActiveCfg = Ad-Hoc|iPhone
		{4B3E8720-CC13-4678-BC1A-96A9F1E57389}.Ad-Hoc|x86.ActiveCfg = Ad-Hoc|iPhone
		{4B3E8720-CC13-4678-BC1A-96A9F1E57389}.AppStore|Any CPU.ActiveCfg = AppStore|iPhone
		{4B3E8720-CC13-4678-BC1A-96A9F1E57389}.AppStore|ARM.ActiveCfg = AppStore|iPhone
		{4B3E8720-CC13-4678-BC1A-96A9F1E57389}.AppStore|iPhone.ActiveCfg = AppStore|iPhone
		{4B3E8720-CC13-4678-BC1A-96A9F1E57389}.AppStore|iPhone.Build.0 = AppStore|iPhone
		{4B3E8720-CC13-4678-BC1A-96A9F1E57389}.AppStore|iPhoneSimulator.ActiveCfg = AppStore|iPhoneSimulator
		{4B3E8720-CC13-4678-BC1A-96A9F1E57389}.AppStore|iPhoneSimulator.Build.0 = AppStore|iPhoneSimulator
		{4B3E8720-CC13-4678-BC1A-96A9F1E57389}.AppStore|x64.ActiveCfg = AppStore|iPhone
		{4B3E8720-CC13-4678-BC1A-96A9F1E57389}.AppStore|x86.ActiveCfg = AppStore|iPhone
		{4B3E8720-CC13-4678-BC1A-96A9F1E57389}.Debug|Any CPU.ActiveCfg = Debug|iPhone
		{4B3E8720-CC13-4678-BC1A-96A9F1E57389}.Debug|ARM.ActiveCfg = Debug|iPhone
		{4B3E8720-CC13-4678-BC1A-96A9F1E57389}.Debug|iPhone.ActiveCfg = Debug|iPhone
		{4B3E8720-CC13-4678-BC1A-96A9F1E57389}.Debug|iPhone.Build.0 = Debug|iPhone
		{4B3E8720-CC13-4678-BC1A-96A9F1E57389}.Debug|iPhoneSimulator.ActiveCfg = Debug|iPhoneSimulator
		{4B3E8720-CC13-4678-BC1A-96A9F1E57389}.Debug|iPhoneSimulator.Build.0 = Debug|iPhoneSimulator
		{4B3E8720-CC13-4678-BC1A-96A9F1E57389}.Debug|x64.ActiveCfg = Debug|iPhone
		{4B3E8720-CC13-4678-BC1A-96A9F1E57389}.Debug|x86.ActiveCfg = Debug|iPhone
		{4B3E8720-CC13-4678-BC1A-96A9F1E57389}.Release|Any CPU.ActiveCfg = Release|iPhone
		{4B3E8720-CC13-4678-BC1A-96A9F1E57389}.Release|ARM.ActiveCfg = Release|iPhone
		{4B3E8720-CC13-4678-BC1A-96A9F1E57389}.Release|iPhone.ActiveCfg = Release|iPhone
		{4B3E8720-CC13-4678-BC1A-96A9F1E57389}.Release|iPhone.Build.0 = Release|iPhone
		{4B3E8720-CC13-4678-BC1A-96A9F1E57389}.Release|iPhoneSimulator.ActiveCfg = Release|iPhoneSimulator
		{4B3E8720-CC13-4678-BC1A-96A9F1E57389}.Release|iPhoneSimulator.Build.0 = Release|iPhoneSimulator
		{4B3E8720-CC13-4678-BC1A-96A9F1E57389}.Release|x64.ActiveCfg = Release|iPhone
		{4B3E8720-CC13-4678-BC1A-96A9F1E57389}.Release|x86.ActiveCfg = Release|iPhone
		{3F54A0E2-63CD-4EDD-8751-2BFCDF7DD293}.Ad-Hoc|Any CPU.ActiveCfg = Release|Any CPU
		{3F54A0E2-63CD-4EDD-8751-2BFCDF7DD293}.Ad-Hoc|Any CPU.Build.0 = Release|Any CPU
		{3F54A0E2-63CD-4EDD-8751-2BFCDF7DD293}.Ad-Hoc|Any CPU.Deploy.0 = Release|Any CPU
		{3F54A0E2-63CD-4EDD-8751-2BFCDF7DD293}.Ad-Hoc|ARM.ActiveCfg = Release|ARM
		{3F54A0E2-63CD-4EDD-8751-2BFCDF7DD293}.Ad-Hoc|ARM.Build.0 = Release|ARM
		{3F54A0E2-63CD-4EDD-8751-2BFCDF7DD293}.Ad-Hoc|ARM.Deploy.0 = Release|ARM
		{3F54A0E2-63CD-4EDD-8751-2BFCDF7DD293}.Ad-Hoc|iPhone.ActiveCfg = Release|Any CPU
		{3F54A0E2-63CD-4EDD-8751-2BFCDF7DD293}.Ad-Hoc|iPhone.Build.0 = Release|Any CPU
		{3F54A0E2-63CD-4EDD-8751-2BFCDF7DD293}.Ad-Hoc|iPhone.Deploy.0 = Release|Any CPU
		{3F54A0E2-63CD-4EDD-8751-2BFCDF7DD293}.Ad-Hoc|iPhoneSimulator.ActiveCfg = Release|Any CPU
		{3F54A0E2-63CD-4EDD-8751-2BFCDF7DD293}.Ad-Hoc|iPhoneSimulator.Build.0 = Release|Any CPU
		{3F54A0E2-63CD-4EDD-8751-2BFCDF7DD293}.Ad-Hoc|iPhoneSimulator.Deploy.0 = Release|Any CPU
		{3F54A0E2-63CD-4EDD-8751-2BFCDF7DD293}.Ad-Hoc|x64.ActiveCfg = Release|Any CPU
		{3F54A0E2-63CD-4EDD-8751-2BFCDF7DD293}.Ad-Hoc|x64.Build.0 = Release|Any CPU
		{3F54A0E2-63CD-4EDD-8751-2BFCDF7DD293}.Ad-Hoc|x64.Deploy.0 = Release|Any CPU
		{3F54A0E2-63CD-4EDD-8751-2BFCDF7DD293}.Ad-Hoc|x86.ActiveCfg = Release|x86
		{3F54A0E2-63CD-4EDD-8751-2BFCDF7DD293}.Ad-Hoc|x86.Build.0 = Release|x86
		{3F54A0E2-63CD-4EDD-8751-2BFCDF7DD293}.Ad-Hoc|x86.Deploy.0 = Release|x86
		{3F54A0E2-63CD-4EDD-8751-2BFCDF7DD293}.AppStore|Any CPU.ActiveCfg = Release|Any CPU
		{3F54A0E2-63CD-4EDD-8751-2BFCDF7DD293}.AppStore|Any CPU.Build.0 = Release|Any CPU
		{3F54A0E2-63CD-4EDD-8751-2BFCDF7DD293}.AppStore|Any CPU.Deploy.0 = Release|Any CPU
		{3F54A0E2-63CD-4EDD-8751-2BFCDF7DD293}.AppStore|ARM.ActiveCfg = Release|ARM
		{3F54A0E2-63CD-4EDD-8751-2BFCDF7DD293}.AppStore|ARM.Build.0 = Release|ARM
		{3F54A0E2-63CD-4EDD-8751-2BFCDF7DD293}.AppStore|ARM.Deploy.0 = Release|ARM
		{3F54A0E2-63CD-4EDD-8751-2BFCDF7DD293}.AppStore|iPhone.ActiveCfg = Release|Any CPU
		{3F54A0E2-63CD-4EDD-8751-2BFCDF7DD293}.AppStore|iPhone.Build.0 = Release|Any CPU
		{3F54A0E2-63CD-4EDD-8751-2BFCDF7DD293}.AppStore|iPhone.Deploy.0 = Release|Any CPU
		{3F54A0E2-63CD-4EDD-8751-2BFCDF7DD293}.AppStore|iPhoneSimulator.ActiveCfg = Release|Any CPU
		{3F54A0E2-63CD-4EDD-8751-2BFCDF7DD293}.AppStore|iPhoneSimulator.Build.0 = Release|Any CPU
		{3F54A0E2-63CD-4EDD-8751-2BFCDF7DD293}.AppStore|iPhoneSimulator.Deploy.0 = Release|Any CPU
		{3F54A0E2-63CD-4EDD-8751-2BFCDF7DD293}.AppStore|x64.ActiveCfg = Release|Any CPU
		{3F54A0E2-63CD-4EDD-8751-2BFCDF7DD293}.AppStore|x64.Build.0 = Release|Any CPU
		{3F54A0E2-63CD-4EDD-8751-2BFCDF7DD293}.AppStore|x64.Deploy.0 = Release|Any CPU
		{3F54A0E2-63CD-4EDD-8751-2BFCDF7DD293}.AppStore|x86.ActiveCfg = Release|x86
		{3F54A0E2-63CD-4EDD-8751-2BFCDF7DD293}.AppStore|x86.Build.0 = Release|x86
		{3F54A0E2-63CD-4EDD-8751-2BFCDF7DD293}.AppStore|x86.Deploy.0 = Release|x86
		{3F54A0E2-63CD-4EDD-8751-2BFCDF7DD293}.Debug|Any CPU.ActiveCfg = Debug|Any CPU
		{3F54A0E2-63CD-4EDD-8751-2BFCDF7DD293}.Debug|Any CPU.Build.0 = Debug|Any CPU
		{3F54A0E2-63CD-4EDD-8751-2BFCDF7DD293}.Debug|Any CPU.Deploy.0 = Debug|Any CPU
		{3F54A0E2-63CD-4EDD-8751-2BFCDF7DD293}.Debug|ARM.ActiveCfg = Debug|ARM
		{3F54A0E2-63CD-4EDD-8751-2BFCDF7DD293}.Debug|ARM.Build.0 = Debug|ARM
		{3F54A0E2-63CD-4EDD-8751-2BFCDF7DD293}.Debug|ARM.Deploy.0 = Debug|ARM
		{3F54A0E2-63CD-4EDD-8751-2BFCDF7DD293}.Debug|iPhone.ActiveCfg = Debug|Any CPU
		{3F54A0E2-63CD-4EDD-8751-2BFCDF7DD293}.Debug|iPhone.Build.0 = Debug|Any CPU
		{3F54A0E2-63CD-4EDD-8751-2BFCDF7DD293}.Debug|iPhone.Deploy.0 = Debug|Any CPU
		{3F54A0E2-63CD-4EDD-8751-2BFCDF7DD293}.Debug|iPhoneSimulator.ActiveCfg = Debug|Any CPU
		{3F54A0E2-63CD-4EDD-8751-2BFCDF7DD293}.Debug|iPhoneSimulator.Build.0 = Debug|Any CPU
		{3F54A0E2-63CD-4EDD-8751-2BFCDF7DD293}.Debug|iPhoneSimulator.Deploy.0 = Debug|Any CPU
		{3F54A0E2-63CD-4EDD-8751-2BFCDF7DD293}.Debug|x64.ActiveCfg = Debug|Any CPU
		{3F54A0E2-63CD-4EDD-8751-2BFCDF7DD293}.Debug|x64.Build.0 = Debug|Any CPU
		{3F54A0E2-63CD-4EDD-8751-2BFCDF7DD293}.Debug|x64.Deploy.0 = Debug|Any CPU
		{3F54A0E2-63CD-4EDD-8751-2BFCDF7DD293}.Debug|x86.ActiveCfg = Debug|x86
		{3F54A0E2-63CD-4EDD-8751-2BFCDF7DD293}.Debug|x86.Build.0 = Debug|x86
		{3F54A0E2-63CD-4EDD-8751-2BFCDF7DD293}.Debug|x86.Deploy.0 = Debug|x86
		{3F54A0E2-63CD-4EDD-8751-2BFCDF7DD293}.Release|Any CPU.ActiveCfg = Release|Any CPU
		{3F54A0E2-63CD-4EDD-8751-2BFCDF7DD293}.Release|Any CPU.Build.0 = Release|Any CPU
		{3F54A0E2-63CD-4EDD-8751-2BFCDF7DD293}.Release|Any CPU.Deploy.0 = Release|Any CPU
		{3F54A0E2-63CD-4EDD-8751-2BFCDF7DD293}.Release|ARM.ActiveCfg = Release|ARM
		{3F54A0E2-63CD-4EDD-8751-2BFCDF7DD293}.Release|ARM.Build.0 = Release|ARM
		{3F54A0E2-63CD-4EDD-8751-2BFCDF7DD293}.Release|ARM.Deploy.0 = Release|ARM
		{3F54A0E2-63CD-4EDD-8751-2BFCDF7DD293}.Release|iPhone.ActiveCfg = Release|Any CPU
		{3F54A0E2-63CD-4EDD-8751-2BFCDF7DD293}.Release|iPhone.Build.0 = Release|Any CPU
		{3F54A0E2-63CD-4EDD-8751-2BFCDF7DD293}.Release|iPhone.Deploy.0 = Release|Any CPU
		{3F54A0E2-63CD-4EDD-8751-2BFCDF7DD293}.Release|iPhoneSimulator.ActiveCfg = Release|Any CPU
		{3F54A0E2-63CD-4EDD-8751-2BFCDF7DD293}.Release|iPhoneSimulator.Build.0 = Release|Any CPU
		{3F54A0E2-63CD-4EDD-8751-2BFCDF7DD293}.Release|iPhoneSimulator.Deploy.0 = Release|Any CPU
		{3F54A0E2-63CD-4EDD-8751-2BFCDF7DD293}.Release|x64.ActiveCfg = Release|Any CPU
		{3F54A0E2-63CD-4EDD-8751-2BFCDF7DD293}.Release|x64.Build.0 = Release|Any CPU
		{3F54A0E2-63CD-4EDD-8751-2BFCDF7DD293}.Release|x64.Deploy.0 = Release|Any CPU
		{3F54A0E2-63CD-4EDD-8751-2BFCDF7DD293}.Release|x86.ActiveCfg = Release|x86
		{3F54A0E2-63CD-4EDD-8751-2BFCDF7DD293}.Release|x86.Build.0 = Release|x86
		{3F54A0E2-63CD-4EDD-8751-2BFCDF7DD293}.Release|x86.Deploy.0 = Release|x86
		{90AF2934-154A-4727-AED7-272E1C164892}.Ad-Hoc|Any CPU.ActiveCfg = Release|x86
		{90AF2934-154A-4727-AED7-272E1C164892}.Ad-Hoc|Any CPU.Build.0 = Release|x86
		{90AF2934-154A-4727-AED7-272E1C164892}.Ad-Hoc|Any CPU.Deploy.0 = Release|x86
		{90AF2934-154A-4727-AED7-272E1C164892}.Ad-Hoc|ARM.ActiveCfg = Release|ARM
		{90AF2934-154A-4727-AED7-272E1C164892}.Ad-Hoc|ARM.Build.0 = Release|ARM
		{90AF2934-154A-4727-AED7-272E1C164892}.Ad-Hoc|ARM.Deploy.0 = Release|ARM
		{90AF2934-154A-4727-AED7-272E1C164892}.Ad-Hoc|iPhone.ActiveCfg = Release|x86
		{90AF2934-154A-4727-AED7-272E1C164892}.Ad-Hoc|iPhone.Build.0 = Release|x86
		{90AF2934-154A-4727-AED7-272E1C164892}.Ad-Hoc|iPhone.Deploy.0 = Release|x86
		{90AF2934-154A-4727-AED7-272E1C164892}.Ad-Hoc|iPhoneSimulator.ActiveCfg = Release|x86
		{90AF2934-154A-4727-AED7-272E1C164892}.Ad-Hoc|iPhoneSimulator.Build.0 = Release|x86
		{90AF2934-154A-4727-AED7-272E1C164892}.Ad-Hoc|iPhoneSimulator.Deploy.0 = Release|x86
		{90AF2934-154A-4727-AED7-272E1C164892}.Ad-Hoc|x64.ActiveCfg = Release|x64
		{90AF2934-154A-4727-AED7-272E1C164892}.Ad-Hoc|x64.Build.0 = Release|x64
		{90AF2934-154A-4727-AED7-272E1C164892}.Ad-Hoc|x64.Deploy.0 = Release|x64
		{90AF2934-154A-4727-AED7-272E1C164892}.Ad-Hoc|x86.ActiveCfg = Release|x86
		{90AF2934-154A-4727-AED7-272E1C164892}.Ad-Hoc|x86.Build.0 = Release|x86
		{90AF2934-154A-4727-AED7-272E1C164892}.Ad-Hoc|x86.Deploy.0 = Release|x86
		{90AF2934-154A-4727-AED7-272E1C164892}.AppStore|Any CPU.ActiveCfg = Release|x86
		{90AF2934-154A-4727-AED7-272E1C164892}.AppStore|Any CPU.Build.0 = Release|x86
		{90AF2934-154A-4727-AED7-272E1C164892}.AppStore|Any CPU.Deploy.0 = Release|x86
		{90AF2934-154A-4727-AED7-272E1C164892}.AppStore|ARM.ActiveCfg = Release|ARM
		{90AF2934-154A-4727-AED7-272E1C164892}.AppStore|ARM.Build.0 = Release|ARM
		{90AF2934-154A-4727-AED7-272E1C164892}.AppStore|ARM.Deploy.0 = Release|ARM
		{90AF2934-154A-4727-AED7-272E1C164892}.AppStore|iPhone.ActiveCfg = Release|x86
		{90AF2934-154A-4727-AED7-272E1C164892}.AppStore|iPhone.Build.0 = Release|x86
		{90AF2934-154A-4727-AED7-272E1C164892}.AppStore|iPhone.Deploy.0 = Release|x86
		{90AF2934-154A-4727-AED7-272E1C164892}.AppStore|iPhoneSimulator.ActiveCfg = Release|x86
		{90AF2934-154A-4727-AED7-272E1C164892}.AppStore|iPhoneSimulator.Build.0 = Release|x86
		{90AF2934-154A-4727-AED7-272E1C164892}.AppStore|iPhoneSimulator.Deploy.0 = Release|x86
		{90AF2934-154A-4727-AED7-272E1C164892}.AppStore|x64.ActiveCfg = Release|x64
		{90AF2934-154A-4727-AED7-272E1C164892}.AppStore|x64.Build.0 = Release|x64
		{90AF2934-154A-4727-AED7-272E1C164892}.AppStore|x64.Deploy.0 = Release|x64
		{90AF2934-154A-4727-AED7-272E1C164892}.AppStore|x86.ActiveCfg = Release|x86
		{90AF2934-154A-4727-AED7-272E1C164892}.AppStore|x86.Build.0 = Release|x86
		{90AF2934-154A-4727-AED7-272E1C164892}.AppStore|x86.Deploy.0 = Release|x86
		{90AF2934-154A-4727-AED7-272E1C164892}.Debug|Any CPU.ActiveCfg = Debug|x86
		{90AF2934-154A-4727-AED7-272E1C164892}.Debug|ARM.ActiveCfg = Debug|ARM
		{90AF2934-154A-4727-AED7-272E1C164892}.Debug|ARM.Build.0 = Debug|ARM
		{90AF2934-154A-4727-AED7-272E1C164892}.Debug|ARM.Deploy.0 = Debug|ARM
		{90AF2934-154A-4727-AED7-272E1C164892}.Debug|iPhone.ActiveCfg = Debug|x86
		{90AF2934-154A-4727-AED7-272E1C164892}.Debug|iPhoneSimulator.ActiveCfg = Debug|x86
		{90AF2934-154A-4727-AED7-272E1C164892}.Debug|x64.ActiveCfg = Debug|x64
		{90AF2934-154A-4727-AED7-272E1C164892}.Debug|x64.Build.0 = Debug|x64
		{90AF2934-154A-4727-AED7-272E1C164892}.Debug|x64.Deploy.0 = Debug|x64
		{90AF2934-154A-4727-AED7-272E1C164892}.Debug|x86.ActiveCfg = Debug|x86
		{90AF2934-154A-4727-AED7-272E1C164892}.Debug|x86.Build.0 = Debug|x86
		{90AF2934-154A-4727-AED7-272E1C164892}.Debug|x86.Deploy.0 = Debug|x86
		{90AF2934-154A-4727-AED7-272E1C164892}.Release|Any CPU.ActiveCfg = Release|x86
		{90AF2934-154A-4727-AED7-272E1C164892}.Release|ARM.ActiveCfg = Release|ARM
		{90AF2934-154A-4727-AED7-272E1C164892}.Release|ARM.Build.0 = Release|ARM
		{90AF2934-154A-4727-AED7-272E1C164892}.Release|ARM.Deploy.0 = Release|ARM
		{90AF2934-154A-4727-AED7-272E1C164892}.Release|iPhone.ActiveCfg = Release|x86
		{90AF2934-154A-4727-AED7-272E1C164892}.Release|iPhoneSimulator.ActiveCfg = Release|x86
		{90AF2934-154A-4727-AED7-272E1C164892}.Release|x64.ActiveCfg = Release|x64
		{90AF2934-154A-4727-AED7-272E1C164892}.Release|x64.Build.0 = Release|x64
		{90AF2934-154A-4727-AED7-272E1C164892}.Release|x64.Deploy.0 = Release|x64
		{90AF2934-154A-4727-AED7-272E1C164892}.Release|x86.ActiveCfg = Release|x86
		{90AF2934-154A-4727-AED7-272E1C164892}.Release|x86.Build.0 = Release|x86
		{90AF2934-154A-4727-AED7-272E1C164892}.Release|x86.Deploy.0 = Release|x86
		{107F70E1-909A-4DF9-B85D-97C924FEDF32}.Ad-Hoc|Any CPU.ActiveCfg = Release|Any CPU
		{107F70E1-909A-4DF9-B85D-97C924FEDF32}.Ad-Hoc|Any CPU.Build.0 = Release|Any CPU
		{107F70E1-909A-4DF9-B85D-97C924FEDF32}.Ad-Hoc|Any CPU.Deploy.0 = Release|Any CPU
		{107F70E1-909A-4DF9-B85D-97C924FEDF32}.Ad-Hoc|ARM.ActiveCfg = Release|ARM
		{107F70E1-909A-4DF9-B85D-97C924FEDF32}.Ad-Hoc|ARM.Build.0 = Release|ARM
		{107F70E1-909A-4DF9-B85D-97C924FEDF32}.Ad-Hoc|ARM.Deploy.0 = Release|ARM
		{107F70E1-909A-4DF9-B85D-97C924FEDF32}.Ad-Hoc|iPhone.ActiveCfg = Release|Any CPU
		{107F70E1-909A-4DF9-B85D-97C924FEDF32}.Ad-Hoc|iPhone.Build.0 = Release|Any CPU
		{107F70E1-909A-4DF9-B85D-97C924FEDF32}.Ad-Hoc|iPhone.Deploy.0 = Release|Any CPU
		{107F70E1-909A-4DF9-B85D-97C924FEDF32}.Ad-Hoc|iPhoneSimulator.ActiveCfg = Release|Any CPU
		{107F70E1-909A-4DF9-B85D-97C924FEDF32}.Ad-Hoc|iPhoneSimulator.Build.0 = Release|Any CPU
		{107F70E1-909A-4DF9-B85D-97C924FEDF32}.Ad-Hoc|iPhoneSimulator.Deploy.0 = Release|Any CPU
		{107F70E1-909A-4DF9-B85D-97C924FEDF32}.Ad-Hoc|x64.ActiveCfg = Release|x64
		{107F70E1-909A-4DF9-B85D-97C924FEDF32}.Ad-Hoc|x64.Build.0 = Release|x64
		{107F70E1-909A-4DF9-B85D-97C924FEDF32}.Ad-Hoc|x64.Deploy.0 = Release|x64
		{107F70E1-909A-4DF9-B85D-97C924FEDF32}.Ad-Hoc|x86.ActiveCfg = Release|x86
		{107F70E1-909A-4DF9-B85D-97C924FEDF32}.Ad-Hoc|x86.Build.0 = Release|x86
		{107F70E1-909A-4DF9-B85D-97C924FEDF32}.Ad-Hoc|x86.Deploy.0 = Release|x86
		{107F70E1-909A-4DF9-B85D-97C924FEDF32}.AppStore|Any CPU.ActiveCfg = Release|Any CPU
		{107F70E1-909A-4DF9-B85D-97C924FEDF32}.AppStore|Any CPU.Build.0 = Release|Any CPU
		{107F70E1-909A-4DF9-B85D-97C924FEDF32}.AppStore|Any CPU.Deploy.0 = Release|Any CPU
		{107F70E1-909A-4DF9-B85D-97C924FEDF32}.AppStore|ARM.ActiveCfg = Release|ARM
		{107F70E1-909A-4DF9-B85D-97C924FEDF32}.AppStore|ARM.Build.0 = Release|ARM
		{107F70E1-909A-4DF9-B85D-97C924FEDF32}.AppStore|ARM.Deploy.0 = Release|ARM
		{107F70E1-909A-4DF9-B85D-97C924FEDF32}.AppStore|iPhone.ActiveCfg = Release|Any CPU
		{107F70E1-909A-4DF9-B85D-97C924FEDF32}.AppStore|iPhone.Build.0 = Release|Any CPU
		{107F70E1-909A-4DF9-B85D-97C924FEDF32}.AppStore|iPhone.Deploy.0 = Release|Any CPU
		{107F70E1-909A-4DF9-B85D-97C924FEDF32}.AppStore|iPhoneSimulator.ActiveCfg = Release|Any CPU
		{107F70E1-909A-4DF9-B85D-97C924FEDF32}.AppStore|iPhoneSimulator.Build.0 = Release|Any CPU
		{107F70E1-909A-4DF9-B85D-97C924FEDF32}.AppStore|iPhoneSimulator.Deploy.0 = Release|Any CPU
		{107F70E1-909A-4DF9-B85D-97C924FEDF32}.AppStore|x64.ActiveCfg = Release|x64
		{107F70E1-909A-4DF9-B85D-97C924FEDF32}.AppStore|x64.Build.0 = Release|x64
		{107F70E1-909A-4DF9-B85D-97C924FEDF32}.AppStore|x64.Deploy.0 = Release|x64
		{107F70E1-909A-4DF9-B85D-97C924FEDF32}.AppStore|x86.ActiveCfg = Release|x86
		{107F70E1-909A-4DF9-B85D-97C924FEDF32}.AppStore|x86.Build.0 = Release|x86
		{107F70E1-909A-4DF9-B85D-97C924FEDF32}.AppStore|x86.Deploy.0 = Release|x86
		{107F70E1-909A-4DF9-B85D-97C924FEDF32}.Debug|Any CPU.ActiveCfg = Debug|Any CPU
		{107F70E1-909A-4DF9-B85D-97C924FEDF32}.Debug|Any CPU.Build.0 = Debug|Any CPU
		{107F70E1-909A-4DF9-B85D-97C924FEDF32}.Debug|Any CPU.Deploy.0 = Debug|Any CPU
		{107F70E1-909A-4DF9-B85D-97C924FEDF32}.Debug|ARM.ActiveCfg = Debug|ARM
		{107F70E1-909A-4DF9-B85D-97C924FEDF32}.Debug|ARM.Build.0 = Debug|ARM
		{107F70E1-909A-4DF9-B85D-97C924FEDF32}.Debug|ARM.Deploy.0 = Debug|ARM
		{107F70E1-909A-4DF9-B85D-97C924FEDF32}.Debug|iPhone.ActiveCfg = Debug|Any CPU
		{107F70E1-909A-4DF9-B85D-97C924FEDF32}.Debug|iPhone.Build.0 = Debug|Any CPU
		{107F70E1-909A-4DF9-B85D-97C924FEDF32}.Debug|iPhone.Deploy.0 = Debug|Any CPU
		{107F70E1-909A-4DF9-B85D-97C924FEDF32}.Debug|iPhoneSimulator.ActiveCfg = Debug|Any CPU
		{107F70E1-909A-4DF9-B85D-97C924FEDF32}.Debug|iPhoneSimulator.Build.0 = Debug|Any CPU
		{107F70E1-909A-4DF9-B85D-97C924FEDF32}.Debug|iPhoneSimulator.Deploy.0 = Debug|Any CPU
		{107F70E1-909A-4DF9-B85D-97C924FEDF32}.Debug|x64.ActiveCfg = Debug|x64
		{107F70E1-909A-4DF9-B85D-97C924FEDF32}.Debug|x64.Build.0 = Debug|x64
		{107F70E1-909A-4DF9-B85D-97C924FEDF32}.Debug|x64.Deploy.0 = Debug|x64
		{107F70E1-909A-4DF9-B85D-97C924FEDF32}.Debug|x86.ActiveCfg = Debug|x86
		{107F70E1-909A-4DF9-B85D-97C924FEDF32}.Debug|x86.Build.0 = Debug|x86
		{107F70E1-909A-4DF9-B85D-97C924FEDF32}.Debug|x86.Deploy.0 = Debug|x86
		{107F70E1-909A-4DF9-B85D-97C924FEDF32}.Release|Any CPU.ActiveCfg = Release|Any CPU
		{107F70E1-909A-4DF9-B85D-97C924FEDF32}.Release|Any CPU.Build.0 = Release|Any CPU
		{107F70E1-909A-4DF9-B85D-97C924FEDF32}.Release|Any CPU.Deploy.0 = Release|Any CPU
		{107F70E1-909A-4DF9-B85D-97C924FEDF32}.Release|ARM.ActiveCfg = Release|ARM
		{107F70E1-909A-4DF9-B85D-97C924FEDF32}.Release|ARM.Build.0 = Release|ARM
		{107F70E1-909A-4DF9-B85D-97C924FEDF32}.Release|ARM.Deploy.0 = Release|ARM
		{107F70E1-909A-4DF9-B85D-97C924FEDF32}.Release|iPhone.ActiveCfg = Release|Any CPU
		{107F70E1-909A-4DF9-B85D-97C924FEDF32}.Release|iPhone.Build.0 = Release|Any CPU
		{107F70E1-909A-4DF9-B85D-97C924FEDF32}.Release|iPhone.Deploy.0 = Release|Any CPU
		{107F70E1-909A-4DF9-B85D-97C924FEDF32}.Release|iPhoneSimulator.ActiveCfg = Release|Any CPU
		{107F70E1-909A-4DF9-B85D-97C924FEDF32}.Release|iPhoneSimulator.Build.0 = Release|Any CPU
		{107F70E1-909A-4DF9-B85D-97C924FEDF32}.Release|iPhoneSimulator.Deploy.0 = Release|Any CPU
		{107F70E1-909A-4DF9-B85D-97C924FEDF32}.Release|x64.ActiveCfg = Release|x64
		{107F70E1-909A-4DF9-B85D-97C924FEDF32}.Release|x64.Build.0 = Release|x64
		{107F70E1-909A-4DF9-B85D-97C924FEDF32}.Release|x64.Deploy.0 = Release|x64
		{107F70E1-909A-4DF9-B85D-97C924FEDF32}.Release|x86.ActiveCfg = Release|x86
		{107F70E1-909A-4DF9-B85D-97C924FEDF32}.Release|x86.Build.0 = Release|x86
		{107F70E1-909A-4DF9-B85D-97C924FEDF32}.Release|x86.Deploy.0 = Release|x86
	EndGlobalSection
	GlobalSection(SolutionProperties) = preSolution
		HideSolutionNode = FALSE
	EndGlobalSection
EndGlobal
