
Microsoft Visual Studio Solution File, Format Version 12.00
# Visual Studio 14
VisualStudioVersion = 14.0.25420.1
MinimumVisualStudioVersion = 10.0.40219.1
Project("{FAE04EC0-301F-11D3-BF4B-00C04F79EFBC}") = "PrismDemo", "PrismDemo\PrismDemo\PrismDemo.csproj", "{8C2D3B60-7FB3-440F-AB5C-58F953CD223F}"
EndProject
Project("{FAE04EC0-301F-11D3-BF4B-00C04F79EFBC}") = "PrismDemo.Droid", "PrismDemo\PrismDemo.Droid\PrismDemo.Droid.csproj", "{6DBE21C6-0DA0-412A-A7D1-4063E79871B7}"
EndProject
Project("{FAE04EC0-301F-11D3-BF4B-00C04F79EFBC}") = "PrismDemo.iOS", "PrismDemo\PrismDemo.iOS\PrismDemo.iOS.csproj", "{CD13CFB8-2934-4A3C-83B8-CFB6F6F6D77A}"
EndProject
Global
	GlobalSection(SolutionConfigurationPlatforms) = preSolution
		Ad-Hoc|Any CPU = Ad-Hoc|Any CPU
		Ad-Hoc|iPhone = Ad-Hoc|iPhone
		Ad-Hoc|iPhoneSimulator = Ad-Hoc|iPhoneSimulator
		AppStore|Any CPU = AppStore|Any CPU
		AppStore|iPhone = AppStore|iPhone
		AppStore|iPhoneSimulator = AppStore|iPhoneSimulator
		Debug|Any CPU = Debug|Any CPU
		Debug|iPhone = Debug|iPhone
		Debug|iPhoneSimulator = Debug|iPhoneSimulator
		Release|Any CPU = Release|Any CPU
		Release|iPhone = Release|iPhone
		Release|iPhoneSimulator = Release|iPhoneSimulator
	EndGlobalSection
	GlobalSection(ProjectConfigurationPlatforms) = postSolution
		{8C2D3B60-7FB3-440F-AB5C-58F953CD223F}.Ad-Hoc|Any CPU.ActiveCfg = Release|Any CPU
		{8C2D3B60-7FB3-440F-AB5C-58F953CD223F}.Ad-Hoc|Any CPU.Build.0 = Release|Any CPU
		{8C2D3B60-7FB3-440F-AB5C-58F953CD223F}.Ad-Hoc|iPhone.ActiveCfg = Release|Any CPU
		{8C2D3B60-7FB3-440F-AB5C-58F953CD223F}.Ad-Hoc|iPhone.Build.0 = Release|Any CPU
		{8C2D3B60-7FB3-440F-AB5C-58F953CD223F}.Ad-Hoc|iPhoneSimulator.ActiveCfg = Release|Any CPU
		{8C2D3B60-7FB3-440F-AB5C-58F953CD223F}.Ad-Hoc|iPhoneSimulator.Build.0 = Release|Any CPU
		{8C2D3B60-7FB3-440F-AB5C-58F953CD223F}.AppStore|Any CPU.ActiveCfg = Release|Any CPU
		{8C2D3B60-7FB3-440F-AB5C-58F953CD223F}.AppStore|Any CPU.Build.0 = Release|Any CPU
		{8C2D3B60-7FB3-440F-AB5C-58F953CD223F}.AppStore|iPhone.ActiveCfg = Release|Any CPU
		{8C2D3B60-7FB3-440F-AB5C-58F953CD223F}.AppStore|iPhone.Build.0 = Release|Any CPU
		{8C2D3B60-7FB3-440F-AB5C-58F953CD223F}.AppStore|iPhoneSimulator.ActiveCfg = Release|Any CPU
		{8C2D3B60-7FB3-440F-AB5C-58F953CD223F}.AppStore|iPhoneSimulator.Build.0 = Release|Any CPU
		{8C2D3B60-7FB3-440F-AB5C-58F953CD223F}.Debug|Any CPU.ActiveCfg = Debug|Any CPU
		{8C2D3B60-7FB3-440F-AB5C-58F953CD223F}.Debug|Any CPU.Build.0 = Debug|Any CPU
		{8C2D3B60-7FB3-440F-AB5C-58F953CD223F}.Debug|iPhone.ActiveCfg = Debug|Any CPU
		{8C2D3B60-7FB3-440F-AB5C-58F953CD223F}.Debug|iPhone.Build.0 = Debug|Any CPU
		{8C2D3B60-7FB3-440F-AB5C-58F953CD223F}.Debug|iPhoneSimulator.ActiveCfg = Debug|Any CPU
		{8C2D3B60-7FB3-440F-AB5C-58F953CD223F}.Debug|iPhoneSimulator.Build.0 = Debug|Any CPU
		{8C2D3B60-7FB3-440F-AB5C-58F953CD223F}.Release|Any CPU.ActiveCfg = Release|Any CPU
		{8C2D3B60-7FB3-440F-AB5C-58F953CD223F}.Release|Any CPU.Build.0 = Release|Any CPU
		{8C2D3B60-7FB3-440F-AB5C-58F953CD223F}.Release|iPhone.ActiveCfg = Release|Any CPU
		{8C2D3B60-7FB3-440F-AB5C-58F953CD223F}.Release|iPhone.Build.0 = Release|Any CPU
		{8C2D3B60-7FB3-440F-AB5C-58F953CD223F}.Release|iPhoneSimulator.ActiveCfg = Release|Any CPU
		{8C2D3B60-7FB3-440F-AB5C-58F953CD223F}.Release|iPhoneSimulator.Build.0 = Release|Any CPU
		{6DBE21C6-0DA0-412A-A7D1-4063E79871B7}.Ad-Hoc|Any CPU.ActiveCfg = Release|Any CPU
		{6DBE21C6-0DA0-412A-A7D1-4063E79871B7}.Ad-Hoc|Any CPU.Build.0 = Release|Any CPU
		{6DBE21C6-0DA0-412A-A7D1-4063E79871B7}.Ad-Hoc|Any CPU.Deploy.0 = Release|Any CPU
		{6DBE21C6-0DA0-412A-A7D1-4063E79871B7}.Ad-Hoc|iPhone.ActiveCfg = Release|Any CPU
		{6DBE21C6-0DA0-412A-A7D1-4063E79871B7}.Ad-Hoc|iPhone.Build.0 = Release|Any CPU
		{6DBE21C6-0DA0-412A-A7D1-4063E79871B7}.Ad-Hoc|iPhone.Deploy.0 = Release|Any CPU
		{6DBE21C6-0DA0-412A-A7D1-4063E79871B7}.Ad-Hoc|iPhoneSimulator.ActiveCfg = Release|Any CPU
		{6DBE21C6-0DA0-412A-A7D1-4063E79871B7}.Ad-Hoc|iPhoneSimulator.Build.0 = Release|Any CPU
		{6DBE21C6-0DA0-412A-A7D1-4063E79871B7}.Ad-Hoc|iPhoneSimulator.Deploy.0 = Release|Any CPU
		{6DBE21C6-0DA0-412A-A7D1-4063E79871B7}.AppStore|Any CPU.ActiveCfg = Release|Any CPU
		{6DBE21C6-0DA0-412A-A7D1-4063E79871B7}.AppStore|Any CPU.Build.0 = Release|Any CPU
		{6DBE21C6-0DA0-412A-A7D1-4063E79871B7}.AppStore|Any CPU.Deploy.0 = Release|Any CPU
		{6DBE21C6-0DA0-412A-A7D1-4063E79871B7}.AppStore|iPhone.ActiveCfg = Release|Any CPU
		{6DBE21C6-0DA0-412A-A7D1-4063E79871B7}.AppStore|iPhone.Build.0 = Release|Any CPU
		{6DBE21C6-0DA0-412A-A7D1-4063E79871B7}.AppStore|iPhone.Deploy.0 = Release|Any CPU
		{6DBE21C6-0DA0-412A-A7D1-4063E79871B7}.AppStore|iPhoneSimulator.ActiveCfg = Release|Any CPU
		{6DBE21C6-0DA0-412A-A7D1-4063E79871B7}.AppStore|iPhoneSimulator.Build.0 = Release|Any CPU
		{6DBE21C6-0DA0-412A-A7D1-4063E79871B7}.AppStore|iPhoneSimulator.Deploy.0 = Release|Any CPU
		{6DBE21C6-0DA0-412A-A7D1-4063E79871B7}.Debug|Any CPU.ActiveCfg = Debug|Any CPU
		{6DBE21C6-0DA0-412A-A7D1-4063E79871B7}.Debug|Any CPU.Build.0 = Debug|Any CPU
		{6DBE21C6-0DA0-412A-A7D1-4063E79871B7}.Debug|Any CPU.Deploy.0 = Debug|Any CPU
		{6DBE21C6-0DA0-412A-A7D1-4063E79871B7}.Debug|iPhone.ActiveCfg = Debug|Any CPU
		{6DBE21C6-0DA0-412A-A7D1-4063E79871B7}.Debug|iPhone.Build.0 = Debug|Any CPU
		{6DBE21C6-0DA0-412A-A7D1-4063E79871B7}.Debug|iPhone.Deploy.0 = Debug|Any CPU
		{6DBE21C6-0DA0-412A-A7D1-4063E79871B7}.Debug|iPhoneSimulator.ActiveCfg = Debug|Any CPU
		{6DBE21C6-0DA0-412A-A7D1-4063E79871B7}.Debug|iPhoneSimulator.Build.0 = Debug|Any CPU
		{6DBE21C6-0DA0-412A-A7D1-4063E79871B7}.Debug|iPhoneSimulator.Deploy.0 = Debug|Any CPU
		{6DBE21C6-0DA0-412A-A7D1-4063E79871B7}.Release|Any CPU.ActiveCfg = Release|Any CPU
		{6DBE21C6-0DA0-412A-A7D1-4063E79871B7}.Release|Any CPU.Build.0 = Release|Any CPU
		{6DBE21C6-0DA0-412A-A7D1-4063E79871B7}.Release|Any CPU.Deploy.0 = Release|Any CPU
		{6DBE21C6-0DA0-412A-A7D1-4063E79871B7}.Release|iPhone.ActiveCfg = Release|Any CPU
		{6DBE21C6-0DA0-412A-A7D1-4063E79871B7}.Release|iPhone.Build.0 = Release|Any CPU
		{6DBE21C6-0DA0-412A-A7D1-4063E79871B7}.Release|iPhone.Deploy.0 = Release|Any CPU
		{6DBE21C6-0DA0-412A-A7D1-4063E79871B7}.Release|iPhoneSimulator.ActiveCfg = Release|Any CPU
		{6DBE21C6-0DA0-412A-A7D1-4063E79871B7}.Release|iPhoneSimulator.Build.0 = Release|Any CPU
		{6DBE21C6-0DA0-412A-A7D1-4063E79871B7}.Release|iPhoneSimulator.Deploy.0 = Release|Any CPU
		{CD13CFB8-2934-4A3C-83B8-CFB6F6F6D77A}.Ad-Hoc|Any CPU.ActiveCfg = Ad-Hoc|iPhone
		{CD13CFB8-2934-4A3C-83B8-CFB6F6F6D77A}.Ad-Hoc|iPhone.ActiveCfg = Ad-Hoc|iPhone
		{CD13CFB8-2934-4A3C-83B8-CFB6F6F6D77A}.Ad-Hoc|iPhone.Build.0 = Ad-Hoc|iPhone
		{CD13CFB8-2934-4A3C-83B8-CFB6F6F6D77A}.Ad-Hoc|iPhoneSimulator.ActiveCfg = Ad-Hoc|iPhoneSimulator
		{CD13CFB8-2934-4A3C-83B8-CFB6F6F6D77A}.Ad-Hoc|iPhoneSimulator.Build.0 = Ad-Hoc|iPhoneSimulator
		{CD13CFB8-2934-4A3C-83B8-CFB6F6F6D77A}.AppStore|Any CPU.ActiveCfg = AppStore|iPhone
		{CD13CFB8-2934-4A3C-83B8-CFB6F6F6D77A}.AppStore|iPhone.ActiveCfg = AppStore|iPhone
		{CD13CFB8-2934-4A3C-83B8-CFB6F6F6D77A}.AppStore|iPhone.Build.0 = AppStore|iPhone
		{CD13CFB8-2934-4A3C-83B8-CFB6F6F6D77A}.AppStore|iPhoneSimulator.ActiveCfg = AppStore|iPhoneSimulator
		{CD13CFB8-2934-4A3C-83B8-CFB6F6F6D77A}.AppStore|iPhoneSimulator.Build.0 = AppStore|iPhoneSimulator
		{CD13CFB8-2934-4A3C-83B8-CFB6F6F6D77A}.Debug|Any CPU.ActiveCfg = Debug|iPhone
		{CD13CFB8-2934-4A3C-83B8-CFB6F6F6D77A}.Debug|iPhone.ActiveCfg = Debug|iPhone
		{CD13CFB8-2934-4A3C-83B8-CFB6F6F6D77A}.Debug|iPhone.Build.0 = Debug|iPhone
		{CD13CFB8-2934-4A3C-83B8-CFB6F6F6D77A}.Debug|iPhoneSimulator.ActiveCfg = Debug|iPhoneSimulator
		{CD13CFB8-2934-4A3C-83B8-CFB6F6F6D77A}.Debug|iPhoneSimulator.Build.0 = Debug|iPhoneSimulator
		{CD13CFB8-2934-4A3C-83B8-CFB6F6F6D77A}.Release|Any CPU.ActiveCfg = Release|iPhone
		{CD13CFB8-2934-4A3C-83B8-CFB6F6F6D77A}.Release|iPhone.ActiveCfg = Release|iPhone
		{CD13CFB8-2934-4A3C-83B8-CFB6F6F6D77A}.Release|iPhone.Build.0 = Release|iPhone
		{CD13CFB8-2934-4A3C-83B8-CFB6F6F6D77A}.Release|iPhoneSimulator.ActiveCfg = Release|iPhoneSimulator
		{CD13CFB8-2934-4A3C-83B8-CFB6F6F6D77A}.Release|iPhoneSimulator.Build.0 = Release|iPhoneSimulator
	EndGlobalSection
	GlobalSection(SolutionProperties) = preSolution
		HideSolutionNode = FALSE
	EndGlobalSection
EndGlobal
